
Microsoft Visual Studio Solution File, Format Version 12.00
# Visual Studio Version 17
VisualStudioVersion = 17.5.33530.505
MinimumVisualStudioVersion = 10.0.40219.1
Project("{9A19103F-16F7-4668-BE54-9A1E7A4F7556}") = "Benchmark", "Benchmark.csproj", "{FEE2BCDD-B437-4B46-97C6-E61E51C1FFCC}"
EndProject
Project("{9A19103F-16F7-4668-BE54-9A1E7A4F7556}") = "Benchmark.Services", "Benchmark.Services\Benchmark.Services.csproj", "{95045AEB-3C1D-4F9B-974F-B6F4280CFB19}"
EndProject
Project("{9A19103F-16F7-4668-BE54-9A1E7A4F7556}") = "Benchmark.Tests", "Benchmark.Tests\Benchmark.Tests.csproj", "{EF2869D4-1B53-4180-8713-863B0DE26DF5}"
EndProject
Global
	GlobalSection(SolutionConfigurationPlatforms) = preSolution
		Debug|Any CPU = Debug|Any CPU
		Release|Any CPU = Release|Any CPU
	EndGlobalSection
	GlobalSection(ProjectConfigurationPlatforms) = postSolution
		{FEE2BCDD-B437-4B46-97C6-E61E51C1FFCC}.Debug|Any CPU.ActiveCfg = Debug|Any CPU
		{FEE2BCDD-B437-4B46-97C6-E61E51C1FFCC}.Debug|Any CPU.Build.0 = Debug|Any CPU
		{FEE2BCDD-B437-4B46-97C6-E61E51C1FFCC}.Release|Any CPU.ActiveCfg = Release|Any CPU
		{FEE2BCDD-B437-4B46-97C6-E61E51C1FFCC}.Release|Any CPU.Build.0 = Release|Any CPU
		{95045AEB-3C1D-4F9B-974F-B6F4280CFB19}.Debug|Any CPU.ActiveCfg = Debug|Any CPU
		{95045AEB-3C1D-4F9B-974F-B6F4280CFB19}.Debug|Any CPU.Build.0 = Debug|Any CPU
		{95045AEB-3C1D-4F9B-974F-B6F4280CFB19}.Release|Any CPU.ActiveCfg = Release|Any CPU
		{95045AEB-3C1D-4F9B-974F-B6F4280CFB19}.Release|Any CPU.Build.0 = Release|Any CPU
		{EF2869D4-1B53-4180-8713-863B0DE26DF5}.Debug|Any CPU.ActiveCfg = Debug|Any CPU
		{EF2869D4-1B53-4180-8713-863B0DE26DF5}.Debug|Any CPU.Build.0 = Debug|Any CPU
		{EF2869D4-1B53-4180-8713-863B0DE26DF5}.Release|Any CPU.ActiveCfg = Release|Any CPU
		{EF2869D4-1B53-4180-8713-863B0DE26DF5}.Release|Any CPU.Build.0 = Release|Any CPU
	EndGlobalSection
	GlobalSection(SolutionProperties) = preSolution
		HideSolutionNode = FALSE
	EndGlobalSection
	GlobalSection(ExtensibilityGlobals) = postSolution
		SolutionGuid = {831A6C20-C1C8-471F-B6E0-96688482E298}
	EndGlobalSection
EndGlobal
